
Microsoft Visual Studio Solution File, Format Version 12.00
# Visual Studio Version 17
VisualStudioVersion = 17.14.36310.24 d17.14
MinimumVisualStudioVersion = 10.0.40219.1
Project("{FAE04EC0-301F-11D3-BF4B-00C04F79EFBC}") = "DogBreed", "DogBreed\DogBreed.csproj", "{35373D23-AE26-4FDB-975B-3A5B7D64792B}"
EndProject
Global
	GlobalSection(SolutionConfigurationPlatforms) = preSolution
		Debug|Any CPU = Debug|Any CPU
		Release|Any CPU = Release|Any CPU
	EndGlobalSection
	GlobalSection(ProjectConfigurationPlatforms) = postSolution
		{35373D23-AE26-4FDB-975B-3A5B7D64792B}.Debug|Any CPU.ActiveCfg = Debug|Any CPU
		{35373D23-AE26-4FDB-975B-3A5B7D64792B}.Debug|Any CPU.Build.0 = Debug|Any CPU
		{35373D23-AE26-4FDB-975B-3A5B7D64792B}.Release|Any CPU.ActiveCfg = Release|Any CPU
		{35373D23-AE26-4FDB-975B-3A5B7D64792B}.Release|Any CPU.Build.0 = Release|Any CPU
	EndGlobalSection
	GlobalSection(SolutionProperties) = preSolution
		HideSolutionNode = FALSE
	EndGlobalSection
	GlobalSection(ExtensibilityGlobals) = postSolution
		SolutionGuid = {5336C7DE-0450-436E-A53F-52453DFF91DA}
	EndGlobalSection
EndGlobal
